// !$*UTF8*$!
{
	archiveVersion = 1;
	classes = {
	};
	objectVersion = 56;
	objects = {

/* Begin PBXBuildFile section */
		03D4603D9AFF16601567C879 /* Pods_FlutterDemoTests.framework in Frameworks */ = {isa = PBXBuildFile; fileRef = B3CBD4141357002AA633EE2C /* Pods_FlutterDemoTests.framework */; };
		6C013DC82B020DD300217C0A /* AppDelegate.swift in Sources */ = {isa = PBXBuildFile; fileRef = 6C013DC72B020DD300217C0A /* AppDelegate.swift */; };
		6C013DCC2B020DD300217C0A /* ViewController.swift in Sources */ = {isa = PBXBuildFile; fileRef = 6C013DCB2B020DD300217C0A /* ViewController.swift */; };
		6C013DCF2B020DD300217C0A /* Main.storyboard in Resources */ = {isa = PBXBuildFile; fileRef = 6C013DCD2B020DD300217C0A /* Main.storyboard */; };
		6C013DD12B020DD400217C0A /* Assets.xcassets in Resources */ = {isa = PBXBuildFile; fileRef = 6C013DD02B020DD400217C0A /* Assets.xcassets */; };
		6C013DD42B020DD400217C0A /* LaunchScreen.storyboard in Resources */ = {isa = PBXBuildFile; fileRef = 6C013DD22B020DD400217C0A /* LaunchScreen.storyboard */; };
		6C013DDF2B020DD400217C0A /* FlutterDemoTests.swift in Sources */ = {isa = PBXBuildFile; fileRef = 6C013DDE2B020DD400217C0A /* FlutterDemoTests.swift */; };
		6C013DE92B020DD400217C0A /* FlutterDemoUITests.swift in Sources */ = {isa = PBXBuildFile; fileRef = 6C013DE82B020DD400217C0A /* FlutterDemoUITests.swift */; };
		6C013DEB2B020DD400217C0A /* FlutterDemoUITestsLaunchTests.swift in Sources */ = {isa = PBXBuildFile; fileRef = 6C013DEA2B020DD400217C0A /* FlutterDemoUITestsLaunchTests.swift */; };
		AB1BA544DBF1BE8B6E26A36E /* Pods_FlutterDemo_FlutterDemoUITests.framework in Frameworks */ = {isa = PBXBuildFile; fileRef = 673E9858D99D63A493EBA993 /* Pods_FlutterDemo_FlutterDemoUITests.framework */; };
		AE0A6FB202EB2FA4A9251ABB /* Pods_FlutterDemo.framework in Frameworks */ = {isa = PBXBuildFile; fileRef = EED0D310CE74EDFD17EA4B1C /* Pods_FlutterDemo.framework */; };
/* End PBXBuildFile section */

/* Begin PBXContainerItemProxy section */
		6C013DDB2B020DD400217C0A /* PBXContainerItemProxy */ = {
			isa = PBXContainerItemProxy;
			containerPortal = 6C013DBC2B020DD300217C0A /* Project object */;
			proxyType = 1;
			remoteGlobalIDString = 6C013DC32B020DD300217C0A;
			remoteInfo = FlutterDemo;
		};
		6C013DE52B020DD400217C0A /* PBXContainerItemProxy */ = {
			isa = PBXContainerItemProxy;
			containerPortal = 6C013DBC2B020DD300217C0A /* Project object */;
			proxyType = 1;
			remoteGlobalIDString = 6C013DC32B020DD300217C0A;
			remoteInfo = FlutterDemo;
		};
/* End PBXContainerItemProxy section */

/* Begin PBXFileReference section */
		00175CBA9F84C2A50C22DAB5 /* Pods-FlutterDemo-FlutterDemoUITests.debug.xcconfig */ = {isa = PBXFileReference; includeInIndex = 1; lastKnownFileType = text.xcconfig; name = "Pods-FlutterDemo-FlutterDemoUITests.debug.xcconfig"; path = "Target Support Files/Pods-FlutterDemo-FlutterDemoUITests/Pods-FlutterDemo-FlutterDemoUITests.debug.xcconfig"; sourceTree = "<group>"; };
		46325EF62E8A49445A36DF8B /* Pods-FlutterDemoTests.release.xcconfig */ = {isa = PBXFileReference; includeInIndex = 1; lastKnownFileType = text.xcconfig; name = "Pods-FlutterDemoTests.release.xcconfig"; path = "Target Support Files/Pods-FlutterDemoTests/Pods-FlutterDemoTests.release.xcconfig"; sourceTree = "<group>"; };
		673E9858D99D63A493EBA993 /* Pods_FlutterDemo_FlutterDemoUITests.framework */ = {isa = PBXFileReference; explicitFileType = wrapper.framework; includeInIndex = 0; path = Pods_FlutterDemo_FlutterDemoUITests.framework; sourceTree = BUILT_PRODUCTS_DIR; };
		6AAE0961D792C1CFAC61EB36 /* Pods-FlutterDemo.debug.xcconfig */ = {isa = PBXFileReference; includeInIndex = 1; lastKnownFileType = text.xcconfig; name = "Pods-FlutterDemo.debug.xcconfig"; path = "Target Support Files/Pods-FlutterDemo/Pods-FlutterDemo.debug.xcconfig"; sourceTree = "<group>"; };
		6C013DC42B020DD300217C0A /* FlutterDemo.app */ = {isa = PBXFileReference; explicitFileType = wrapper.application; includeInIndex = 0; path = FlutterDemo.app; sourceTree = BUILT_PRODUCTS_DIR; };
		6C013DC72B020DD300217C0A /* AppDelegate.swift */ = {isa = PBXFileReference; lastKnownFileType = sourcecode.swift; path = AppDelegate.swift; sourceTree = "<group>"; };
		6C013DCB2B020DD300217C0A /* ViewController.swift */ = {isa = PBXFileReference; lastKnownFileType = sourcecode.swift; path = ViewController.swift; sourceTree = "<group>"; };
		6C013DCE2B020DD300217C0A /* Base */ = {isa = PBXFileReference; lastKnownFileType = file.storyboard; name = Base; path = Base.lproj/Main.storyboard; sourceTree = "<group>"; };
		6C013DD02B020DD400217C0A /* Assets.xcassets */ = {isa = PBXFileReference; lastKnownFileType = folder.assetcatalog; path = Assets.xcassets; sourceTree = "<group>"; };
		6C013DD32B020DD400217C0A /* Base */ = {isa = PBXFileReference; lastKnownFileType = file.storyboard; name = Base; path = Base.lproj/LaunchScreen.storyboard; sourceTree = "<group>"; };
		6C013DD52B020DD400217C0A /* Info.plist */ = {isa = PBXFileReference; lastKnownFileType = text.plist.xml; path = Info.plist; sourceTree = "<group>"; };
		6C013DDA2B020DD400217C0A /* FlutterDemoTests.xctest */ = {isa = PBXFileReference; explicitFileType = wrapper.cfbundle; includeInIndex = 0; path = FlutterDemoTests.xctest; sourceTree = BUILT_PRODUCTS_DIR; };
		6C013DDE2B020DD400217C0A /* FlutterDemoTests.swift */ = {isa = PBXFileReference; lastKnownFileType = sourcecode.swift; path = FlutterDemoTests.swift; sourceTree = "<group>"; };
		6C013DE42B020DD400217C0A /* FlutterDemoUITests.xctest */ = {isa = PBXFileReference; explicitFileType = wrapper.cfbundle; includeInIndex = 0; path = FlutterDemoUITests.xctest; sourceTree = BUILT_PRODUCTS_DIR; };
		6C013DE82B020DD400217C0A /* FlutterDemoUITests.swift */ = {isa = PBXFileReference; lastKnownFileType = sourcecode.swift; path = FlutterDemoUITests.swift; sourceTree = "<group>"; };
		6C013DEA2B020DD400217C0A /* FlutterDemoUITestsLaunchTests.swift */ = {isa = PBXFileReference; lastKnownFileType = sourcecode.swift; path = FlutterDemoUITestsLaunchTests.swift; sourceTree = "<group>"; };
		7A552BB62A0AFD744D08C1DD /* Pods-FlutterDemoTests.debug.xcconfig */ = {isa = PBXFileReference; includeInIndex = 1; lastKnownFileType = text.xcconfig; name = "Pods-FlutterDemoTests.debug.xcconfig"; path = "Target Support Files/Pods-FlutterDemoTests/Pods-FlutterDemoTests.debug.xcconfig"; sourceTree = "<group>"; };
		8E6DE5492165D94806A7433B /* Pods-FlutterDemo-FlutterDemoUITests.release.xcconfig */ = {isa = PBXFileReference; includeInIndex = 1; lastKnownFileType = text.xcconfig; name = "Pods-FlutterDemo-FlutterDemoUITests.release.xcconfig"; path = "Target Support Files/Pods-FlutterDemo-FlutterDemoUITests/Pods-FlutterDemo-FlutterDemoUITests.release.xcconfig"; sourceTree = "<group>"; };
		B3CBD4141357002AA633EE2C /* Pods_FlutterDemoTests.framework */ = {isa = PBXFileReference; explicitFileType = wrapper.framework; includeInIndex = 0; path = Pods_FlutterDemoTests.framework; sourceTree = BUILT_PRODUCTS_DIR; };
		D12AECF4A4A13CE0CFCF9DD0 /* Pods-FlutterDemo.release.xcconfig */ = {isa = PBXFileReference; includeInIndex = 1; lastKnownFileType = text.xcconfig; name = "Pods-FlutterDemo.release.xcconfig"; path = "Target Support Files/Pods-FlutterDemo/Pods-FlutterDemo.release.xcconfig"; sourceTree = "<group>"; };
		EED0D310CE74EDFD17EA4B1C /* Pods_FlutterDemo.framework */ = {isa = PBXFileReference; explicitFileType = wrapper.framework; includeInIndex = 0; path = Pods_FlutterDemo.framework; sourceTree = BUILT_PRODUCTS_DIR; };
/* End PBXFileReference section */

/* Begin PBXFrameworksBuildPhase section */
		6C013DC12B020DD300217C0A /* Frameworks */ = {
			isa = PBXFrameworksBuildPhase;
			buildActionMask = 2147483647;
			files = (
				AE0A6FB202EB2FA4A9251ABB /* Pods_FlutterDemo.framework in Frameworks */,
			);
			runOnlyForDeploymentPostprocessing = 0;
		};
		6C013DD72B020DD400217C0A /* Frameworks */ = {
			isa = PBXFrameworksBuildPhase;
			buildActionMask = 2147483647;
			files = (
				03D4603D9AFF16601567C879 /* Pods_FlutterDemoTests.framework in Frameworks */,
			);
			runOnlyForDeploymentPostprocessing = 0;
		};
		6C013DE12B020DD400217C0A /* Frameworks */ = {
			isa = PBXFrameworksBuildPhase;
			buildActionMask = 2147483647;
			files = (
				AB1BA544DBF1BE8B6E26A36E /* Pods_FlutterDemo_FlutterDemoUITests.framework in Frameworks */,
			);
			runOnlyForDeploymentPostprocessing = 0;
		};
/* End PBXFrameworksBuildPhase section */

/* Begin PBXGroup section */
		6C013DBB2B020DD300217C0A = {
			isa = PBXGroup;
			children = (
				6C013DC62B020DD300217C0A /* FlutterDemo */,
				6C013DDD2B020DD400217C0A /* FlutterDemoTests */,
				6C013DE72B020DD400217C0A /* FlutterDemoUITests */,
				6C013DC52B020DD300217C0A /* Products */,
				BCFBCE2ED201913B3CDE534C /* Pods */,
				C2EA32694A84B88E58D0832D /* Frameworks */,
			);
			sourceTree = "<group>";
		};
		6C013DC52B020DD300217C0A /* Products */ = {
			isa = PBXGroup;
			children = (
				6C013DC42B020DD300217C0A /* FlutterDemo.app */,
				6C013DDA2B020DD400217C0A /* FlutterDemoTests.xctest */,
				6C013DE42B020DD400217C0A /* FlutterDemoUITests.xctest */,
			);
			name = Products;
			sourceTree = "<group>";
		};
		6C013DC62B020DD300217C0A /* FlutterDemo */ = {
			isa = PBXGroup;
			children = (
				6C013DC72B020DD300217C0A /* AppDelegate.swift */,
				6C013DCB2B020DD300217C0A /* ViewController.swift */,
				6C013DCD2B020DD300217C0A /* Main.storyboard */,
				6C013DD02B020DD400217C0A /* Assets.xcassets */,
				6C013DD22B020DD400217C0A /* LaunchScreen.storyboard */,
				6C013DD52B020DD400217C0A /* Info.plist */,
			);
			path = FlutterDemo;
			sourceTree = "<group>";
		};
		6C013DDD2B020DD400217C0A /* FlutterDemoTests */ = {
			isa = PBXGroup;
			children = (
				6C013DDE2B020DD400217C0A /* FlutterDemoTests.swift */,
			);
			path = FlutterDemoTests;
			sourceTree = "<group>";
		};
		6C013DE72B020DD400217C0A /* FlutterDemoUITests */ = {
			isa = PBXGroup;
			children = (
				6C013DE82B020DD400217C0A /* FlutterDemoUITests.swift */,
				6C013DEA2B020DD400217C0A /* FlutterDemoUITestsLaunchTests.swift */,
			);
			path = FlutterDemoUITests;
			sourceTree = "<group>";
		};
		BCFBCE2ED201913B3CDE534C /* Pods */ = {
			isa = PBXGroup;
			children = (
				6AAE0961D792C1CFAC61EB36 /* Pods-FlutterDemo.debug.xcconfig */,
				D12AECF4A4A13CE0CFCF9DD0 /* Pods-FlutterDemo.release.xcconfig */,
				00175CBA9F84C2A50C22DAB5 /* Pods-FlutterDemo-FlutterDemoUITests.debug.xcconfig */,
				8E6DE5492165D94806A7433B /* Pods-FlutterDemo-FlutterDemoUITests.release.xcconfig */,
				7A552BB62A0AFD744D08C1DD /* Pods-FlutterDemoTests.debug.xcconfig */,
				46325EF62E8A49445A36DF8B /* Pods-FlutterDemoTests.release.xcconfig */,
			);
			path = Pods;
			sourceTree = "<group>";
		};
		C2EA32694A84B88E58D0832D /* Frameworks */ = {
			isa = PBXGroup;
			children = (
				EED0D310CE74EDFD17EA4B1C /* Pods_FlutterDemo.framework */,
				673E9858D99D63A493EBA993 /* Pods_FlutterDemo_FlutterDemoUITests.framework */,
				B3CBD4141357002AA633EE2C /* Pods_FlutterDemoTests.framework */,
			);
			name = Frameworks;
			sourceTree = "<group>";
		};
/* End PBXGroup section */

/* Begin PBXNativeTarget section */
		6C013DC32B020DD300217C0A /* FlutterDemo */ = {
			isa = PBXNativeTarget;
			buildConfigurationList = 6C013DEE2B020DD400217C0A /* Build configuration list for PBXNativeTarget "FlutterDemo" */;
			buildPhases = (
				AA58D71DDD40083F81DD4E32 /* [CP] Check Pods Manifest.lock */,
				19B17FDBEB678AC00E6CF8E9 /* [CP-User] Run Flutter Build flutter_module Script */,
				6C013DC02B020DD300217C0A /* Sources */,
				6C013DC12B020DD300217C0A /* Frameworks */,
				6C013DC22B020DD300217C0A /* Resources */,
				78EF2D55362E4609A794C518 /* [CP-User] Embed Flutter Build flutter_module Script */,
			);
			buildRules = (
			);
			dependencies = (
			);
			name = FlutterDemo;
			productName = FlutterDemo;
			productReference = 6C013DC42B020DD300217C0A /* FlutterDemo.app */;
			productType = "com.apple.product-type.application";
		};
		6C013DD92B020DD400217C0A /* FlutterDemoTests */ = {
			isa = PBXNativeTarget;
			buildConfigurationList = 6C013DF12B020DD400217C0A /* Build configuration list for PBXNativeTarget "FlutterDemoTests" */;
			buildPhases = (
				35B74A7A99ADEEBA8798239F /* [CP] Check Pods Manifest.lock */,
				6C013DD62B020DD400217C0A /* Sources */,
				6C013DD72B020DD400217C0A /* Frameworks */,
				6C013DD82B020DD400217C0A /* Resources */,
			);
			buildRules = (
			);
			dependencies = (
				6C013DDC2B020DD400217C0A /* PBXTargetDependency */,
			);
			name = FlutterDemoTests;
			productName = FlutterDemoTests;
			productReference = 6C013DDA2B020DD400217C0A /* FlutterDemoTests.xctest */;
			productType = "com.apple.product-type.bundle.unit-test";
		};
		6C013DE32B020DD400217C0A /* FlutterDemoUITests */ = {
			isa = PBXNativeTarget;
			buildConfigurationList = 6C013DF42B020DD400217C0A /* Build configuration list for PBXNativeTarget "FlutterDemoUITests" */;
			buildPhases = (
				17F63C952C743BD0F61FAAA8 /* [CP] Check Pods Manifest.lock */,
				6C013DE02B020DD400217C0A /* Sources */,
				6C013DE12B020DD400217C0A /* Frameworks */,
				6C013DE22B020DD400217C0A /* Resources */,
			);
			buildRules = (
			);
			dependencies = (
				6C013DE62B020DD400217C0A /* PBXTargetDependency */,
			);
			name = FlutterDemoUITests;
			productName = FlutterDemoUITests;
			productReference = 6C013DE42B020DD400217C0A /* FlutterDemoUITests.xctest */;
			productType = "com.apple.product-type.bundle.ui-testing";
		};
/* End PBXNativeTarget section */

/* Begin PBXProject section */
		6C013DBC2B020DD300217C0A /* Project object */ = {
			isa = PBXProject;
			attributes = {
				BuildIndependentTargetsInParallel = 1;
				LastSwiftUpdateCheck = 1500;
				LastUpgradeCheck = 1500;
				TargetAttributes = {
					6C013DC32B020DD300217C0A = {
						CreatedOnToolsVersion = 15.0.1;
					};
					6C013DD92B020DD400217C0A = {
						CreatedOnToolsVersion = 15.0.1;
						TestTargetID = 6C013DC32B020DD300217C0A;
					};
					6C013DE32B020DD400217C0A = {
						CreatedOnToolsVersion = 15.0.1;
						TestTargetID = 6C013DC32B020DD300217C0A;
					};
				};
			};
			buildConfigurationList = 6C013DBF2B020DD300217C0A /* Build configuration list for PBXProject "FlutterDemo" */;
			compatibilityVersion = "Xcode 14.0";
			developmentRegion = en;
			hasScannedForEncodings = 0;
			knownRegions = (
				en,
				Base,
			);
			mainGroup = 6C013DBB2B020DD300217C0A;
			productRefGroup = 6C013DC52B020DD300217C0A /* Products */;
			projectDirPath = "";
			projectRoot = "";
			targets = (
				6C013DC32B020DD300217C0A /* FlutterDemo */,
				6C013DD92B020DD400217C0A /* FlutterDemoTests */,
				6C013DE32B020DD400217C0A /* FlutterDemoUITests */,
			);
		};
/* End PBXProject section */

/* Begin PBXResourcesBuildPhase section */
		6C013DC22B020DD300217C0A /* Resources */ = {
			isa = PBXResourcesBuildPhase;
			buildActionMask = 2147483647;
			files = (
				6C013DD42B020DD400217C0A /* LaunchScreen.storyboard in Resources */,
				6C013DD12B020DD400217C0A /* Assets.xcassets in Resources */,
				6C013DCF2B020DD300217C0A /* Main.storyboard in Resources */,
			);
			runOnlyForDeploymentPostprocessing = 0;
		};
		6C013DD82B020DD400217C0A /* Resources */ = {
			isa = PBXResourcesBuildPhase;
			buildActionMask = 2147483647;
			files = (
			);
			runOnlyForDeploymentPostprocessing = 0;
		};
		6C013DE22B020DD400217C0A /* Resources */ = {
			isa = PBXResourcesBuildPhase;
			buildActionMask = 2147483647;
			files = (
			);
			runOnlyForDeploymentPostprocessing = 0;
		};
/* End PBXResourcesBuildPhase section */

/* Begin PBXShellScriptBuildPhase section */
		17F63C952C743BD0F61FAAA8 /* [CP] Check Pods Manifest.lock */ = {
			isa = PBXShellScriptBuildPhase;
			buildActionMask = 2147483647;
			files = (
			);
			inputFileListPaths = (
			);
			inputPaths = (
				"${PODS_PODFILE_DIR_PATH}/Podfile.lock",
				"${PODS_ROOT}/Manifest.lock",
			);
			name = "[CP] Check Pods Manifest.lock";
			outputFileListPaths = (
			);
			outputPaths = (
				"$(DERIVED_FILE_DIR)/Pods-FlutterDemo-FlutterDemoUITests-checkManifestLockResult.txt",
			);
			runOnlyForDeploymentPostprocessing = 0;
			shellPath = /bin/sh;
			shellScript = "diff \"${PODS_PODFILE_DIR_PATH}/Podfile.lock\" \"${PODS_ROOT}/Manifest.lock\" > /dev/null\nif [ $? != 0 ] ; then\n    # print error to STDERR\n    echo \"error: The sandbox is not in sync with the Podfile.lock. Run 'pod install' or update your CocoaPods installation.\" >&2\n    exit 1\nfi\n# This output is used by Xcode 'outputs' to avoid re-running this script phase.\necho \"SUCCESS\" > \"${SCRIPT_OUTPUT_FILE_0}\"\n";
			showEnvVarsInLog = 0;
		};
		19B17FDBEB678AC00E6CF8E9 /* [CP-User] Run Flutter Build flutter_module Script */ = {
			isa = PBXShellScriptBuildPhase;
			buildActionMask = 2147483647;
			files = (
			);
			name = "[CP-User] Run Flutter Build flutter_module Script";
			runOnlyForDeploymentPostprocessing = 0;
			shellPath = /bin/sh;
			shellScript = "set -e\nset -u\nsource \"${SRCROOT}/../flutter_module/.ios/Flutter/flutter_export_environment.sh\"\nexport VERBOSE_SCRIPT_LOGGING=1 && \"$FLUTTER_ROOT\"/packages/flutter_tools/bin/xcode_backend.sh build";
		};
		35B74A7A99ADEEBA8798239F /* [CP] Check Pods Manifest.lock */ = {
			isa = PBXShellScriptBuildPhase;
			buildActionMask = 2147483647;
			files = (
			);
			inputFileListPaths = (
			);
			inputPaths = (
				"${PODS_PODFILE_DIR_PATH}/Podfile.lock",
				"${PODS_ROOT}/Manifest.lock",
			);
			name = "[CP] Check Pods Manifest.lock";
			outputFileListPaths = (
			);
			outputPaths = (
				"$(DERIVED_FILE_DIR)/Pods-FlutterDemoTests-checkManifestLockResult.txt",
			);
			runOnlyForDeploymentPostprocessing = 0;
			shellPath = /bin/sh;
			shellScript = "diff \"${PODS_PODFILE_DIR_PATH}/Podfile.lock\" \"${PODS_ROOT}/Manifest.lock\" > /dev/null\nif [ $? != 0 ] ; then\n    # print error to STDERR\n    echo \"error: The sandbox is not in sync with the Podfile.lock. Run 'pod install' or update your CocoaPods installation.\" >&2\n    exit 1\nfi\n# This output is used by Xcode 'outputs' to avoid re-running this script phase.\necho \"SUCCESS\" > \"${SCRIPT_OUTPUT_FILE_0}\"\n";
			showEnvVarsInLog = 0;
		};
		78EF2D55362E4609A794C518 /* [CP-User] Embed Flutter Build flutter_module Script */ = {
			isa = PBXShellScriptBuildPhase;
			buildActionMask = 2147483647;
			files = (
			);
			name = "[CP-User] Embed Flutter Build flutter_module Script";
			runOnlyForDeploymentPostprocessing = 0;
			shellPath = /bin/sh;
			shellScript = "set -e\nset -u\nsource \"${SRCROOT}/../flutter_module/.ios/Flutter/flutter_export_environment.sh\"\nexport VERBOSE_SCRIPT_LOGGING=1 && \"$FLUTTER_ROOT\"/packages/flutter_tools/bin/xcode_backend.sh embed_and_thin";
		};
		AA58D71DDD40083F81DD4E32 /* [CP] Check Pods Manifest.lock */ = {
			isa = PBXShellScriptBuildPhase;
			buildActionMask = 2147483647;
			files = (
			);
			inputFileListPaths = (
			);
			inputPaths = (
				"${PODS_PODFILE_DIR_PATH}/Podfile.lock",
				"${PODS_ROOT}/Manifest.lock",
			);
			name = "[CP] Check Pods Manifest.lock";
			outputFileListPaths = (
			);
			outputPaths = (
				"$(DERIVED_FILE_DIR)/Pods-FlutterDemo-checkManifestLockResult.txt",
			);
			runOnlyForDeploymentPostprocessing = 0;
			shellPath = /bin/sh;
			shellScript = "diff \"${PODS_PODFILE_DIR_PATH}/Podfile.lock\" \"${PODS_ROOT}/Manifest.lock\" > /dev/null\nif [ $? != 0 ] ; then\n    # print error to STDERR\n    echo \"error: The sandbox is not in sync with the Podfile.lock. Run 'pod install' or update your CocoaPods installation.\" >&2\n    exit 1\nfi\n# This output is used by Xcode 'outputs' to avoid re-running this script phase.\necho \"SUCCESS\" > \"${SCRIPT_OUTPUT_FILE_0}\"\n";
			showEnvVarsInLog = 0;
		};
/* End PBXShellScriptBuildPhase section */

/* Begin PBXSourcesBuildPhase section */
		6C013DC02B020DD300217C0A /* Sources */ = {
			isa = PBXSourcesBuildPhase;
			buildActionMask = 2147483647;
			files = (
				6C013DCC2B020DD300217C0A /* ViewController.swift in Sources */,
				6C013DC82B020DD300217C0A /* AppDelegate.swift in Sources */,
			);
			runOnlyForDeploymentPostprocessing = 0;
		};
		6C013DD62B020DD400217C0A /* Sources */ = {
			isa = PBXSourcesBuildPhase;
			buildActionMask = 2147483647;
			files = (
				6C013DDF2B020DD400217C0A /* FlutterDemoTests.swift in Sources */,
			);
			runOnlyForDeploymentPostprocessing = 0;
		};
		6C013DE02B020DD400217C0A /* Sources */ = {
			isa = PBXSourcesBuildPhase;
			buildActionMask = 2147483647;
			files = (
				6C013DEB2B020DD400217C0A /* FlutterDemoUITestsLaunchTests.swift in Sources */,
				6C013DE92B020DD400217C0A /* FlutterDemoUITests.swift in Sources */,
			);
			runOnlyForDeploymentPostprocessing = 0;
		};
/* End PBXSourcesBuildPhase section */

/* Begin PBXTargetDependency section */
		6C013DDC2B020DD400217C0A /* PBXTargetDependency */ = {
			isa = PBXTargetDependency;
			target = 6C013DC32B020DD300217C0A /* FlutterDemo */;
			targetProxy = 6C013DDB2B020DD400217C0A /* PBXContainerItemProxy */;
		};
		6C013DE62B020DD400217C0A /* PBXTargetDependency */ = {
			isa = PBXTargetDependency;
			target = 6C013DC32B020DD300217C0A /* FlutterDemo */;
			targetProxy = 6C013DE52B020DD400217C0A /* PBXContainerItemProxy */;
		};
/* End PBXTargetDependency section */

/* Begin PBXVariantGroup section */
		6C013DCD2B020DD300217C0A /* Main.storyboard */ = {
			isa = PBXVariantGroup;
			children = (
				6C013DCE2B020DD300217C0A /* Base */,
			);
			name = Main.storyboard;
			sourceTree = "<group>";
		};
		6C013DD22B020DD400217C0A /* LaunchScreen.storyboard */ = {
			isa = PBXVariantGroup;
			children = (
				6C013DD32B020DD400217C0A /* Base */,
			);
			name = LaunchScreen.storyboard;
			sourceTree = "<group>";
		};
/* End PBXVariantGroup section */

/* Begin XCBuildConfiguration section */
		6C013DEC2B020DD400217C0A /* Debug */ = {
			isa = XCBuildConfiguration;
			buildSettings = {
				ALWAYS_SEARCH_USER_PATHS = NO;
				ASSETCATALOG_COMPILER_GENERATE_SWIFT_ASSET_SYMBOL_EXTENSIONS = YES;
				CLANG_ANALYZER_NONNULL = YES;
				CLANG_ANALYZER_NUMBER_OBJECT_CONVERSION = YES_AGGRESSIVE;
				CLANG_CXX_LANGUAGE_STANDARD = "gnu++20";
				CLANG_ENABLE_MODULES = YES;
				CLANG_ENABLE_OBJC_ARC = YES;
				CLANG_ENABLE_OBJC_WEAK = YES;
				CLANG_WARN_BLOCK_CAPTURE_AUTORELEASING = YES;
				CLANG_WARN_BOOL_CONVERSION = YES;
				CLANG_WARN_COMMA = YES;
				CLANG_WARN_CONSTANT_CONVERSION = YES;
				CLANG_WARN_DEPRECATED_OBJC_IMPLEMENTATIONS = YES;
				CLANG_WARN_DIRECT_OBJC_ISA_USAGE = YES_ERROR;
				CLANG_WARN_DOCUMENTATION_COMMENTS = YES;
				CLANG_WARN_EMPTY_BODY = YES;
				CLANG_WARN_ENUM_CONVERSION = YES;
				CLANG_WARN_INFINITE_RECURSION = YES;
				CLANG_WARN_INT_CONVERSION = YES;
				CLANG_WARN_NON_LITERAL_NULL_CONVERSION = YES;
				CLANG_WARN_OBJC_IMPLICIT_RETAIN_SELF = YES;
				CLANG_WARN_OBJC_LITERAL_CONVERSION = YES;
				CLANG_WARN_OBJC_ROOT_CLASS = YES_ERROR;
				CLANG_WARN_QUOTED_INCLUDE_IN_FRAMEWORK_HEADER = YES;
				CLANG_WARN_RANGE_LOOP_ANALYSIS = YES;
				CLANG_WARN_STRICT_PROTOTYPES = YES;
				CLANG_WARN_SUSPICIOUS_MOVE = YES;
				CLANG_WARN_UNGUARDED_AVAILABILITY = YES_AGGRESSIVE;
				CLANG_WARN_UNREACHABLE_CODE = YES;
				CLANG_WARN__DUPLICATE_METHOD_MATCH = YES;
				COPY_PHASE_STRIP = NO;
				DEBUG_INFORMATION_FORMAT = dwarf;
				ENABLE_STRICT_OBJC_MSGSEND = YES;
				ENABLE_TESTABILITY = YES;
				ENABLE_USER_SCRIPT_SANDBOXING = YES;
				GCC_C_LANGUAGE_STANDARD = gnu17;
				GCC_DYNAMIC_NO_PIC = NO;
				GCC_NO_COMMON_BLOCKS = YES;
				GCC_OPTIMIZATION_LEVEL = 0;
				GCC_PREPROCESSOR_DEFINITIONS = (
					"DEBUG=1",
					"$(inherited)",
				);
				GCC_WARN_64_TO_32_BIT_CONVERSION = YES;
				GCC_WARN_ABOUT_RETURN_TYPE = YES_ERROR;
				GCC_WARN_UNDECLARED_SELECTOR = YES;
				GCC_WARN_UNINITIALIZED_AUTOS = YES_AGGRESSIVE;
				GCC_WARN_UNUSED_FUNCTION = YES;
				GCC_WARN_UNUSED_VARIABLE = YES;
				IPHONEOS_DEPLOYMENT_TARGET = 12.0;
				LOCALIZATION_PREFERS_STRING_CATALOGS = YES;
				MTL_ENABLE_DEBUG_INFO = INCLUDE_SOURCE;
				MTL_FAST_MATH = YES;
				ONLY_ACTIVE_ARCH = YES;
				SDKROOT = iphoneos;
				SWIFT_ACTIVE_COMPILATION_CONDITIONS = "DEBUG $(inherited)";
				SWIFT_OPTIMIZATION_LEVEL = "-Onone";
			};
			name = Debug;
		};
		6C013DED2B020DD400217C0A /* Release */ = {
			isa = XCBuildConfiguration;
			buildSettings = {
				ALWAYS_SEARCH_USER_PATHS = NO;
				ASSETCATALOG_COMPILER_GENERATE_SWIFT_ASSET_SYMBOL_EXTENSIONS = YES;
				CLANG_ANALYZER_NONNULL = YES;
				CLANG_ANALYZER_NUMBER_OBJECT_CONVERSION = YES_AGGRESSIVE;
				CLANG_CXX_LANGUAGE_STANDARD = "gnu++20";
				CLANG_ENABLE_MODULES = YES;
				CLANG_ENABLE_OBJC_ARC = YES;
				CLANG_ENABLE_OBJC_WEAK = YES;
				CLANG_WARN_BLOCK_CAPTURE_AUTORELEASING = YES;
				CLANG_WARN_BOOL_CONVERSION = YES;
				CLANG_WARN_COMMA = YES;
				CLANG_WARN_CONSTANT_CONVERSION = YES;
				CLANG_WARN_DEPRECATED_OBJC_IMPLEMENTATIONS = YES;
				CLANG_WARN_DIRECT_OBJC_ISA_USAGE = YES_ERROR;
				CLANG_WARN_DOCUMENTATION_COMMENTS = YES;
				CLANG_WARN_EMPTY_BODY = YES;
				CLANG_WARN_ENUM_CONVERSION = YES;
				CLANG_WARN_INFINITE_RECURSION = YES;
				CLANG_WARN_INT_CONVERSION = YES;
				CLANG_WARN_NON_LITERAL_NULL_CONVERSION = YES;
				CLANG_WARN_OBJC_IMPLICIT_RETAIN_SELF = YES;
				CLANG_WARN_OBJC_LITERAL_CONVERSION = YES;
				CLANG_WARN_OBJC_ROOT_CLASS = YES_ERROR;
				CLANG_WARN_QUOTED_INCLUDE_IN_FRAMEWORK_HEADER = YES;
				CLANG_WARN_RANGE_LOOP_ANALYSIS = YES;
				CLANG_WARN_STRICT_PROTOTYPES = YES;
				CLANG_WARN_SUSPICIOUS_MOVE = YES;
				CLANG_WARN_UNGUARDED_AVAILABILITY = YES_AGGRESSIVE;
				CLANG_WARN_UNREACHABLE_CODE = YES;
				CLANG_WARN__DUPLICATE_METHOD_MATCH = YES;
				COPY_PHASE_STRIP = NO;
				DEBUG_INFORMATION_FORMAT = "dwarf-with-dsym";
				ENABLE_NS_ASSERTIONS = NO;
				ENABLE_STRICT_OBJC_MSGSEND = YES;
				ENABLE_USER_SCRIPT_SANDBOXING = YES;
				GCC_C_LANGUAGE_STANDARD = gnu17;
				GCC_NO_COMMON_BLOCKS = YES;
				GCC_WARN_64_TO_32_BIT_CONVERSION = YES;
				GCC_WARN_ABOUT_RETURN_TYPE = YES_ERROR;
				GCC_WARN_UNDECLARED_SELECTOR = YES;
				GCC_WARN_UNINITIALIZED_AUTOS = YES_AGGRESSIVE;
				GCC_WARN_UNUSED_FUNCTION = YES;
				GCC_WARN_UNUSED_VARIABLE = YES;
				IPHONEOS_DEPLOYMENT_TARGET = 12.0;
				LOCALIZATION_PREFERS_STRING_CATALOGS = YES;
				MTL_ENABLE_DEBUG_INFO = NO;
				MTL_FAST_MATH = YES;
				SDKROOT = iphoneos;
				SWIFT_COMPILATION_MODE = wholemodule;
				VALIDATE_PRODUCT = YES;
			};
			name = Release;
		};
		6C013DEF2B020DD400217C0A /* Debug */ = {
			isa = XCBuildConfiguration;
			baseConfigurationReference = 6AAE0961D792C1CFAC61EB36 /* Pods-FlutterDemo.debug.xcconfig */;
			buildSettings = {
				ASSETCATALOG_COMPILER_APPICON_NAME = AppIcon;
				ASSETCATALOG_COMPILER_GLOBAL_ACCENT_COLOR_NAME = AccentColor;
				CODE_SIGN_STYLE = Automatic;
				CURRENT_PROJECT_VERSION = 1;
				DEVELOPMENT_TEAM = 29TLTNBVA8;
				ENABLE_USER_SCRIPT_SANDBOXING = NO;
				GENERATE_INFOPLIST_FILE = YES;
				INFOPLIST_FILE = FlutterDemo/Info.plist;
				INFOPLIST_KEY_UIApplicationSupportsIndirectInputEvents = YES;
				INFOPLIST_KEY_UILaunchStoryboardName = LaunchScreen;
				INFOPLIST_KEY_UIMainStoryboardFile = Main;
				INFOPLIST_KEY_UISupportedInterfaceOrientations_iPad = "UIInterfaceOrientationPortrait UIInterfaceOrientationPortraitUpsideDown UIInterfaceOrientationLandscapeLeft UIInterfaceOrientationLandscapeRight";
				INFOPLIST_KEY_UISupportedInterfaceOrientations_iPhone = "UIInterfaceOrientationPortrait UIInterfaceOrientationLandscapeLeft UIInterfaceOrientationLandscapeRight";
				LD_RUNPATH_SEARCH_PATHS = (
					"$(inherited)",
					"@executable_path/Frameworks",
				);
				MARKETING_VERSION = 1.0;
				PRODUCT_BUNDLE_IDENTIFIER = com.speedx.FlutterDemo;
				PRODUCT_NAME = "$(TARGET_NAME)";
				SWIFT_EMIT_LOC_STRINGS = YES;
				SWIFT_VERSION = 5.0;
				TARGETED_DEVICE_FAMILY = "1,2";
			};
			name = Debug;
		};
		6C013DF02B020DD400217C0A /* Release */ = {
			isa = XCBuildConfiguration;
			baseConfigurationReference = D12AECF4A4A13CE0CFCF9DD0 /* Pods-FlutterDemo.release.xcconfig */;
			buildSettings = {
				ASSETCATALOG_COMPILER_APPICON_NAME = AppIcon;
				ASSETCATALOG_COMPILER_GLOBAL_ACCENT_COLOR_NAME = AccentColor;
				CODE_SIGN_STYLE = Automatic;
				CURRENT_PROJECT_VERSION = 1;
				DEVELOPMENT_TEAM = 29TLTNBVA8;
				ENABLE_USER_SCRIPT_SANDBOXING = NO;
				GENERATE_INFOPLIST_FILE = YES;
				INFOPLIST_FILE = FlutterDemo/Info.plist;
				INFOPLIST_KEY_UIApplicationSupportsIndirectInputEvents = YES;
				INFOPLIST_KEY_UILaunchStoryboardName = LaunchScreen;
				INFOPLIST_KEY_UIMainStoryboardFile = Main;
				INFOPLIST_KEY_UISupportedInterfaceOrientations_iPad = "UIInterfaceOrientationPortrait UIInterfaceOrientationPortraitUpsideDown UIInterfaceOrientationLandscapeLeft UIInterfaceOrientationLandscapeRight";
				INFOPLIST_KEY_UISupportedInterfaceOrientations_iPhone = "UIInterfaceOrientationPortrait UIInterfaceOrientationLandscapeLeft UIInterfaceOrientationLandscapeRight";
				LD_RUNPATH_SEARCH_PATHS = (
					"$(inherited)",
					"@executable_path/Frameworks",
				);
				MARKETING_VERSION = 1.0;
				PRODUCT_BUNDLE_IDENTIFIER = com.speedx.FlutterDemo;
				PRODUCT_NAME = "$(TARGET_NAME)";
				SWIFT_EMIT_LOC_STRINGS = YES;
				SWIFT_VERSION = 5.0;
				TARGETED_DEVICE_FAMILY = "1,2";
			};
			name = Release;
		};
		6C013DF22B020DD400217C0A /* Debug */ = {
			isa = XCBuildConfiguration;
			baseConfigurationReference = 7A552BB62A0AFD744D08C1DD /* Pods-FlutterDemoTests.debug.xcconfig */;
			buildSettings = {
				ALWAYS_EMBED_SWIFT_STANDARD_LIBRARIES = YES;
				BUNDLE_LOADER = "$(TEST_HOST)";
				CODE_SIGN_STYLE = Automatic;
				CURRENT_PROJECT_VERSION = 1;
				DEVELOPMENT_TEAM = 29TLTNBVA8;
				GENERATE_INFOPLIST_FILE = YES;
				IPHONEOS_DEPLOYMENT_TARGET = 17.0;
				MARKETING_VERSION = 1.0;
				PRODUCT_BUNDLE_IDENTIFIER = com.speedx.FlutterDemoTests;
				PRODUCT_NAME = "$(TARGET_NAME)";
				SWIFT_EMIT_LOC_STRINGS = NO;
				SWIFT_VERSION = 5.0;
				TARGETED_DEVICE_FAMILY = "1,2";
				TEST_HOST = "$(BUILT_PRODUCTS_DIR)/FlutterDemo.app/$(BUNDLE_EXECUTABLE_FOLDER_PATH)/FlutterDemo";
			};
			name = Debug;
		};
		6C013DF32B020DD400217C0A /* Release */ = {
			isa = XCBuildConfiguration;
			baseConfigurationReference = 46325EF62E8A49445A36DF8B /* Pods-FlutterDemoTests.release.xcconfig */;
			buildSettings = {
				ALWAYS_EMBED_SWIFT_STANDARD_LIBRARIES = YES;
				BUNDLE_LOADER = "$(TEST_HOST)";
				CODE_SIGN_STYLE = Automatic;
				CURRENT_PROJECT_VERSION = 1;
				DEVELOPMENT_TEAM = 29TLTNBVA8;
				GENERATE_INFOPLIST_FILE = YES;
				IPHONEOS_DEPLOYMENT_TARGET = 17.0;
				MARKETING_VERSION = 1.0;
				PRODUCT_BUNDLE_IDENTIFIER = com.speedx.FlutterDemoTests;
				PRODUCT_NAME = "$(TARGET_NAME)";
				SWIFT_EMIT_LOC_STRINGS = NO;
				SWIFT_VERSION = 5.0;
				TARGETED_DEVICE_FAMILY = "1,2";
				TEST_HOST = "$(BUILT_PRODUCTS_DIR)/FlutterDemo.app/$(BUNDLE_EXECUTABLE_FOLDER_PATH)/FlutterDemo";
			};
			name = Release;
		};
		6C013DF52B020DD400217C0A /* Debug */ = {
			isa = XCBuildConfiguration;
			baseConfigurationReference = 00175CBA9F84C2A50C22DAB5 /* Pods-FlutterDemo-FlutterDemoUITests.debug.xcconfig */;
			buildSettings = {
				ALWAYS_EMBED_SWIFT_STANDARD_LIBRARIES = YES;
				CODE_SIGN_STYLE = Automatic;
				CURRENT_PROJECT_VERSION = 1;
				DEVELOPMENT_TEAM = 29TLTNBVA8;
				GENERATE_INFOPLIST_FILE = YES;
				MARKETING_VERSION = 1.0;
				PRODUCT_BUNDLE_IDENTIFIER = com.speedx.FlutterDemoUITests;
				PRODUCT_NAME = "$(TARGET_NAME)";
				SWIFT_EMIT_LOC_STRINGS = NO;
				SWIFT_VERSION = 5.0;
				TARGETED_DEVICE_FAMILY = "1,2";
				TEST_TARGET_NAME = FlutterDemo;
			};
			name = Debug;
		};
		6C013DF62B020DD400217C0A /* Release */ = {
			isa = XCBuildConfiguration;
			baseConfigurationReference = 8E6DE5492165D94806A7433B /* Pods-FlutterDemo-FlutterDemoUITests.release.xcconfig */;
			buildSettings = {
				ALWAYS_EMBED_SWIFT_STANDARD_LIBRARIES = YES;
				CODE_SIGN_STYLE = Automatic;
				CURRENT_PROJECT_VERSION = 1;
				DEVELOPMENT_TEAM = 29TLTNBVA8;
				GENERATE_INFOPLIST_FILE = YES;
				MARKETING_VERSION = 1.0;
				PRODUCT_BUNDLE_IDENTIFIER = com.speedx.FlutterDemoUITests;
				PRODUCT_NAME = "$(TARGET_NAME)";
				SWIFT_EMIT_LOC_STRINGS = NO;
				SWIFT_VERSION = 5.0;
				TARGETED_DEVICE_FAMILY = "1,2";
				TEST_TARGET_NAME = FlutterDemo;
			};
			name = Release;
		};
/* End XCBuildConfiguration section */

/* Begin XCConfigurationList section */
		6C013DBF2B020DD300217C0A /* Build configuration list for PBXProject "FlutterDemo" */ = {
			isa = XCConfigurationList;
			buildConfigurations = (
				6C013DEC2B020DD400217C0A /* Debug */,
				6C013DED2B020DD400217C0A /* Release */,
			);
			defaultConfigurationIsVisible = 0;
			defaultConfigurationName = Release;
		};
		6C013DEE2B020DD400217C0A /* Build configuration list for PBXNativeTarget "FlutterDemo" */ = {
			isa = XCConfigurationList;
			buildConfigurations = (
				6C013DEF2B020DD400217C0A /* Debug */,
				6C013DF02B020DD400217C0A /* Release */,
			);
			defaultConfigurationIsVisible = 0;
			defaultConfigurationName = Release;
		};
		6C013DF12B020DD400217C0A /* Build configuration list for PBXNativeTarget "FlutterDemoTests" */ = {
			isa = XCConfigurationList;
			buildConfigurations = (
				6C013DF22B020DD400217C0A /* Debug */,
				6C013DF32B020DD400217C0A /* Release */,
			);
			defaultConfigurationIsVisible = 0;
			defaultConfigurationName = Release;
		};
		6C013DF42B020DD400217C0A /* Build configuration list for PBXNativeTarget "FlutterDemoUITests" */ = {
			isa = XCConfigurationList;
			buildConfigurations = (
				6C013DF52B020DD400217C0A /* Debug */,
				6C013DF62B020DD400217C0A /* Release */,
			);
			defaultConfigurationIsVisible = 0;
			defaultConfigurationName = Release;
		};
/* End XCConfigurationList section */
	};
	rootObject = 6C013DBC2B020DD300217C0A /* Project object */;
}
